{
  "originHash" : "8ac5b987dce81be3a4a5df318be1015a1f38ab35f8ca9b5f6ab55e98087ff354",
  "pins" : [
    {
      "identity" : "keyboardshortcuts",
      "kind" : "remoteSourceControl",
      "location" : "https://github.com/sindresorhus/KeyboardShortcuts",
      "state" : {
        "revision" : "1aef85578fdd4f9eaeeb8d53b7b4fc31bf08fe27",
        "version" : "2.4.0"
      }
    },
    {
      "identity" : "launchatlogin",
      "kind" : "remoteSourceControl",
      "location" : "https://github.com/sindresorhus/LaunchAtLogin",
      "state" : {
        "revision" : "7ad6331f9c38953eb1ce8737758e18f7607e984a",
        "version" : "5.0.0"
      }
    },
    {
      "identity" : "sparkle",
      "kind" : "remoteSourceControl",
      "location" : "https://github.com/sparkle-project/Sparkle",
      "state" : {
        "revision" : "9a1d2a19d3595fcf8d9c447173f9a1687b3dcadb",
        "version" : "2.8.0"
      }
    },
    {
      "identity" : "swiftstate",
      "kind" : "remoteSourceControl",
      "location" : "https://github.com/ReactKit/SwiftState",
      "state" : {
        "branch" : "swift/5.0",
        "revision" : "887e75b96da6be36a062e1b0ef832c32a803348b"
      }
    }
  ],
  "version" : 3
}
